Microsoft Visual Studio Solution File, Format Version 12.00
# Visual Studio Version 16
VisualStudioVersion = 16.0.28315.86
MinimumVisualStudioVersion = 10.0.40219.1
Project("{FAE04EC0-301F-11D3-BF4B-00C04F79EFBC}") = "Game", "Source\Game.csproj", "{202A54DF-288B-4194-8D6F-C1BAA040303D}"
EndProject
Project("{FAE04EC0-301F-11D3-BF4B-00C04F79EFBC}") = "BuildScripts", "Cache\Projects\BuildScripts.csproj", "{E33F85F8-1D88-482C-BA90-83EAE949A2D4}"
EndProject
Global
	GlobalSection(SolutionConfigurationPlatforms) = preSolution
		Debug|Any CPU = Debug|Any CPU
		Debug|UWP_x64 = Debug|UWP_x64
		Debug|Win32 = Debug|Win32
		Debug|Win64 = Debug|Win64
		Debug|XboxOne = Debug|XboxOne
		Editor.Debug|Any CPU = Editor.Debug|Any CPU
		Editor.Debug|UWP_x64 = Editor.Debug|UWP_x64
		Editor.Debug|Win32 = Editor.Debug|Win32
		Editor.Debug|Win64 = Editor.Debug|Win64
		Editor.Debug|XboxOne = Editor.Debug|XboxOne
		Editor.Development|Any CPU = Editor.Development|Any CPU
		Editor.Development|UWP_x64 = Editor.Development|UWP_x64
		Editor.Development|Win32 = Editor.Development|Win32
		Editor.Development|Win64 = Editor.Development|Win64
		Editor.Development|XboxOne = Editor.Development|XboxOne
		Editor.Release|Any CPU = Editor.Release|Any CPU
		Editor.Release|UWP_x64 = Editor.Release|UWP_x64
		Editor.Release|Win32 = Editor.Release|Win32
		Editor.Release|Win64 = Editor.Release|Win64
		Editor.Release|XboxOne = Editor.Release|XboxOne
		Game.Debug|Any CPU = Game.Debug|Any CPU
		Game.Debug|UWP_x64 = Game.Debug|UWP_x64
		Game.Debug|Win32 = Game.Debug|Win32
		Game.Debug|Win64 = Game.Debug|Win64
		Game.Debug|XboxOne = Game.Debug|XboxOne
		Game.Development|Any CPU = Game.Development|Any CPU
		Game.Development|UWP_x64 = Game.Development|UWP_x64
		Game.Development|Win32 = Game.Development|Win32
		Game.Development|Win64 = Game.Development|Win64
		Game.Development|XboxOne = Game.Development|XboxOne
		Game.Release|Any CPU = Game.Release|Any CPU
		Game.Release|UWP_x64 = Game.Release|UWP_x64
		Game.Release|Win32 = Game.Release|Win32
		Game.Release|Win64 = Game.Release|Win64
		Game.Release|XboxOne = Game.Release|XboxOne
	EndGlobalSection
	GlobalSection(ProjectConfigurationPlatforms) = postSolution
		{202A54DF-288B-4194-8D6F-C1BAA040303D}.Debug|Any CPU.ActiveCfg = Editor.Windows.Debug|x64
		{202A54DF-288B-4194-8D6F-C1BAA040303D}.Debug|UWP_x64.ActiveCfg = Game.UWP.Debug|x64
		{202A54DF-288B-4194-8D6F-C1BAA040303D}.Debug|Win32.ActiveCfg = Game.Windows.Debug|Win32
		{202A54DF-288B-4194-8D6F-C1BAA040303D}.Debug|Win64.ActiveCfg = Editor.Windows.Debug|x64
		{202A54DF-288B-4194-8D6F-C1BAA040303D}.Debug|XboxOne.ActiveCfg = Game.XboxOne.Debug|x64
		{202A54DF-288B-4194-8D6F-C1BAA040303D}.Editor.Debug|Any CPU.ActiveCfg = Editor.Windows.Debug|x64
		{202A54DF-288B-4194-8D6F-C1BAA040303D}.Editor.Debug|UWP_x64.ActiveCfg = Game.UWP.Debug|x64
		{202A54DF-288B-4194-8D6F-C1BAA040303D}.Editor.Debug|Win32.ActiveCfg = Game.Windows.Debug|Win32
		{202A54DF-288B-4194-8D6F-C1BAA040303D}.Editor.Debug|Win64.ActiveCfg = Editor.Windows.Debug|x64
		{202A54DF-288B-4194-8D6F-C1BAA040303D}.Editor.Debug|Win64.Build.0 = Editor.Windows.Debug|x64
		{202A54DF-288B-4194-8D6F-C1BAA040303D}.Editor.Debug|XboxOne.ActiveCfg = Game.XboxOne.Debug|x64
		{202A54DF-288B-4194-8D6F-C1BAA040303D}.Editor.Development|Any CPU.ActiveCfg = Editor.Windows.Debug|x64
		{202A54DF-288B-4194-8D6F-C1BAA040303D}.Editor.Development|UWP_x64.ActiveCfg = Game.UWP.Debug|x64
		{202A54DF-288B-4194-8D6F-C1BAA040303D}.Editor.Development|Win32.ActiveCfg = Game.Windows.Debug|Win32
		{202A54DF-288B-4194-8D6F-C1BAA040303D}.Editor.Development|Win64.ActiveCfg = Editor.Windows.Development|x64
		{202A54DF-288B-4194-8D6F-C1BAA040303D}.Editor.Development|Win64.Build.0 = Editor.Windows.Development|x64
		{202A54DF-288B-4194-8D6F-C1BAA040303D}.Editor.Development|XboxOne.ActiveCfg = Game.XboxOne.Debug|x64
		{202A54DF-288B-4194-8D6F-C1BAA040303D}.Editor.Release|Any CPU.ActiveCfg = Editor.Windows.Debug|x64
		{202A54DF-288B-4194-8D6F-C1BAA040303D}.Editor.Release|UWP_x64.ActiveCfg = Game.UWP.Debug|x64
		{202A54DF-288B-4194-8D6F-C1BAA040303D}.Editor.Release|Win32.ActiveCfg = Game.Windows.Debug|Win32
		{202A54DF-288B-4194-8D6F-C1BAA040303D}.Editor.Release|Win64.ActiveCfg = Editor.Windows.Release|x64
		{202A54DF-288B-4194-8D6F-C1BAA040303D}.Editor.Release|Win64.Build.0 = Editor.Windows.Release|x64
		{202A54DF-288B-4194-8D6F-C1BAA040303D}.Editor.Release|XboxOne.ActiveCfg = Game.XboxOne.Debug|x64
		{202A54DF-288B-4194-8D6F-C1BAA040303D}.Game.Debug|Any CPU.ActiveCfg = Editor.Windows.Debug|x64
		{202A54DF-288B-4194-8D6F-C1BAA040303D}.Game.Debug|UWP_x64.ActiveCfg = Game.UWP.Debug|x64
		{202A54DF-288B-4194-8D6F-C1BAA040303D}.Game.Debug|UWP_x64.Build.0 = Game.UWP.Debug|x64
		{202A54DF-288B-4194-8D6F-C1BAA040303D}.Game.Debug|Win32.ActiveCfg = Game.Windows.Debug|Win32
		{202A54DF-288B-4194-8D6F-C1BAA040303D}.Game.Debug|Win32.Build.0 = Game.Windows.Debug|Win32
		{202A54DF-288B-4194-8D6F-C1BAA040303D}.Game.Debug|Win64.ActiveCfg = Game.Windows.Debug|x64
		{202A54DF-288B-4194-8D6F-C1BAA040303D}.Game.Debug|Win64.Build.0 = Game.Windows.Debug|x64
		{202A54DF-288B-4194-8D6F-C1BAA040303D}.Game.Debug|XboxOne.ActiveCfg = Game.XboxOne.Debug|x64
		{202A54DF-288B-4194-8D6F-C1BAA040303D}.Game.Debug|XboxOne.Build.0 = Game.XboxOne.Debug|x64
		{202A54DF-288B-4194-8D6F-C1BAA040303D}.Game.Development|Any CPU.ActiveCfg = Editor.Windows.Debug|x64
		{202A54DF-288B-4194-8D6F-C1BAA040303D}.Game.Development|UWP_x64.ActiveCfg = Game.UWP.Development|x64
		{202A54DF-288B-4194-8D6F-C1BAA040303D}.Game.Development|UWP_x64.Build.0 = Game.UWP.Development|x64
		{202A54DF-288B-4194-8D6F-C1BAA040303D}.Game.Development|Win32.ActiveCfg = Game.Windows.Development|Win32
		{202A54DF-288B-4194-8D6F-C1BAA040303D}.Game.Development|Win32.Build.0 = Game.Windows.Development|Win32
		{202A54DF-288B-4194-8D6F-C1BAA040303D}.Game.Development|Win64.ActiveCfg = Game.Windows.Development|x64
		{202A54DF-288B-4194-8D6F-C1BAA040303D}.Game.Development|Win64.Build.0 = Game.Windows.Development|x64
		{202A54DF-288B-4194-8D6F-C1BAA040303D}.Game.Development|XboxOne.ActiveCfg = Game.XboxOne.Development|x64
		{202A54DF-288B-4194-8D6F-C1BAA040303D}.Game.Development|XboxOne.Build.0 = Game.XboxOne.Development|x64
		{202A54DF-288B-4194-8D6F-C1BAA040303D}.Game.Release|Any CPU.ActiveCfg = Editor.Windows.Debug|x64
		{202A54DF-288B-4194-8D6F-C1BAA040303D}.Game.Release|UWP_x64.ActiveCfg = Game.UWP.Release|x64
		{202A54DF-288B-4194-8D6F-C1BAA040303D}.Game.Release|UWP_x64.Build.0 = Game.UWP.Release|x64
		{202A54DF-288B-4194-8D6F-C1BAA040303D}.Game.Release|Win32.ActiveCfg = Game.Windows.Release|Win32
		{202A54DF-288B-4194-8D6F-C1BAA040303D}.Game.Release|Win32.Build.0 = Game.Windows.Release|Win32
		{202A54DF-288B-4194-8D6F-C1BAA040303D}.Game.Release|Win64.ActiveCfg = Game.Windows.Release|x64
		{202A54DF-288B-4194-8D6F-C1BAA040303D}.Game.Release|Win64.Build.0 = Game.Windows.Release|x64
		{202A54DF-288B-4194-8D6F-C1BAA040303D}.Game.Release|XboxOne.ActiveCfg = Game.XboxOne.Release|x64
		{202A54DF-288B-4194-8D6F-C1BAA040303D}.Game.Release|XboxOne.Build.0 = Game.XboxOne.Release|x64
		{E33F85F8-1D88-482C-BA90-83EAE949A2D4}.Debug|Any CPU.ActiveCfg = Debug|Any CPU
		{E33F85F8-1D88-482C-BA90-83EAE949A2D4}.Debug|UWP_x64.ActiveCfg = Debug|Any CPU
		{E33F85F8-1D88-482C-BA90-83EAE949A2D4}.Debug|Win32.ActiveCfg = Debug|Any CPU
		{E33F85F8-1D88-482C-BA90-83EAE949A2D4}.Debug|Win64.ActiveCfg = Debug|Any CPU
		{E33F85F8-1D88-482C-BA90-83EAE949A2D4}.Debug|XboxOne.ActiveCfg = Debug|Any CPU
		{E33F85F8-1D88-482C-BA90-83EAE949A2D4}.Editor.Debug|Any CPU.ActiveCfg = Debug|Any CPU
		{E33F85F8-1D88-482C-BA90-83EAE949A2D4}.Editor.Debug|UWP_x64.ActiveCfg = Debug|Any CPU
		{E33F85F8-1D88-482C-BA90-83EAE949A2D4}.Editor.Debug|Win32.ActiveCfg = Debug|Any CPU
		{E33F85F8-1D88-482C-BA90-83EAE949A2D4}.Editor.Debug|Win64.ActiveCfg = Debug|Any CPU
		{E33F85F8-1D88-482C-BA90-83EAE949A2D4}.Editor.Debug|XboxOne.ActiveCfg = Debug|Any CPU
		{E33F85F8-1D88-482C-BA90-83EAE949A2D4}.Editor.Development|Any CPU.ActiveCfg = Debug|Any CPU
		{E33F85F8-1D88-482C-BA90-83EAE949A2D4}.Editor.Development|UWP_x64.ActiveCfg = Debug|Any CPU
		{E33F85F8-1D88-482C-BA90-83EAE949A2D4}.Editor.Development|Win32.ActiveCfg = Debug|Any CPU
		{E33F85F8-1D88-482C-BA90-83EAE949A2D4}.Editor.Development|Win64.ActiveCfg = Debug|Any CPU
		{E33F85F8-1D88-482C-BA90-83EAE949A2D4}.Editor.Development|XboxOne.ActiveCfg = Debug|Any CPU
		{E33F85F8-1D88-482C-BA90-83EAE949A2D4}.Editor.Release|Any CPU.ActiveCfg = Debug|Any CPU
		{E33F85F8-1D88-482C-BA90-83EAE949A2D4}.Editor.Release|UWP_x64.ActiveCfg = Debug|Any CPU
		{E33F85F8-1D88-482C-BA90-83EAE949A2D4}.Editor.Release|Win32.ActiveCfg = Debug|Any CPU
		{E33F85F8-1D88-482C-BA90-83EAE949A2D4}.Editor.Release|Win64.ActiveCfg = Debug|Any CPU
		{E33F85F8-1D88-482C-BA90-83EAE949A2D4}.Editor.Release|XboxOne.ActiveCfg = Debug|Any CPU
		{E33F85F8-1D88-482C-BA90-83EAE949A2D4}.Game.Debug|Any CPU.ActiveCfg = Debug|Any CPU
		{E33F85F8-1D88-482C-BA90-83EAE949A2D4}.Game.Debug|UWP_x64.ActiveCfg = Debug|Any CPU
		{E33F85F8-1D88-482C-BA90-83EAE949A2D4}.Game.Debug|Win32.ActiveCfg = Debug|Any CPU
		{E33F85F8-1D88-482C-BA90-83EAE949A2D4}.Game.Debug|Win64.ActiveCfg = Debug|Any CPU
		{E33F85F8-1D88-482C-BA90-83EAE949A2D4}.Game.Debug|XboxOne.ActiveCfg = Debug|Any CPU
		{E33F85F8-1D88-482C-BA90-83EAE949A2D4}.Game.Development|Any CPU.ActiveCfg = Debug|Any CPU
		{E33F85F8-1D88-482C-BA90-83EAE949A2D4}.Game.Development|UWP_x64.ActiveCfg = Debug|Any CPU
		{E33F85F8-1D88-482C-BA90-83EAE949A2D4}.Game.Development|Win32.ActiveCfg = Debug|Any CPU
		{E33F85F8-1D88-482C-BA90-83EAE949A2D4}.Game.Development|Win64.ActiveCfg = Debug|Any CPU
		{E33F85F8-1D88-482C-BA90-83EAE949A2D4}.Game.Development|XboxOne.ActiveCfg = Debug|Any CPU
		{E33F85F8-1D88-482C-BA90-83EAE949A2D4}.Game.Release|Any CPU.ActiveCfg = Debug|Any CPU
		{E33F85F8-1D88-482C-BA90-83EAE949A2D4}.Game.Release|UWP_x64.ActiveCfg = Debug|Any CPU
		{E33F85F8-1D88-482C-BA90-83EAE949A2D4}.Game.Release|Win32.ActiveCfg = Debug|Any CPU
		{E33F85F8-1D88-482C-BA90-83EAE949A2D4}.Game.Release|Win64.ActiveCfg = Debug|Any CPU
		{E33F85F8-1D88-482C-BA90-83EAE949A2D4}.Game.Release|XboxOne.ActiveCfg = Debug|Any CPU
	EndGlobalSection
	GlobalSection(SolutionProperties) = preSolution
		HideSolutionNode = FALSE
	EndGlobalSection
	GlobalSection(NestedProjects) = preSolution
	EndGlobalSection
	GlobalSection(ExtensibilityGlobals) = postSolution
		SolutionGuid = {C9C019E1-6069-4A70-B8AE-2093561C42A7}
	EndGlobalSection
EndGlobal
